
Microsoft Visual Studio Solution File, Format Version 12.00
# Visual Studio Express 2013 for Windows Desktop
VisualStudioVersion = 12.0.31101.0
MinimumVisualStudioVersion = 10.0.40219.1
Project("{8BC9CEB8-8B4A-11D0-8D11-00A0C91BC942}") = "Day3(excel)", "Day3(excel)\Day3(excel).vcxproj", "{57135A36-5D33-4304-8B15-CDAA88D513DE}"
EndProject
Global
	GlobalSection(SolutionConfigurationPlatforms) = preSolution
		Debug|Win32 = Debug|Win32
		Release|Win32 = Release|Win32
	EndGlobalSection
	GlobalSection(ProjectConfigurationPlatforms) = postSolution
		{57135A36-5D33-4304-8B15-CDAA88D513DE}.Debug|Win32.ActiveCfg = Debug|Win32
		{57135A36-5D33-4304-8B15-CDAA88D513DE}.Debug|Win32.Build.0 = Debug|Win32
		{57135A36-5D33-4304-8B15-CDAA88D513DE}.Release|Win32.ActiveCfg = Release|Win32
		{57135A36-5D33-4304-8B15-CDAA88D513DE}.Release|Win32.Build.0 = Release|Win32
	EndGlobalSection
	GlobalSection(SolutionProperties) = preSolution
		HideSolutionNode = FALSE
	EndGlobalSection
EndGlobal
